
Microsoft Visual Studio Solution File, Format Version 12.00
# Visual Studio 15
VisualStudioVersion = 15.0.28307.757
MinimumVisualStudioVersion = 10.0.40219.1
Project("{FAE04EC0-301F-11D3-BF4B-00C04F79EFBC}") = "React-Test", "React-Test\React-Test.csproj", "{4FBBDF60-FB4C-4FDF-91C8-6E73E023CB82}"
EndProject
Global
	GlobalSection(SolutionConfigurationPlatforms) = preSolution
		Debug|Any CPU = Debug|Any CPU
		Release|Any CPU = Release|Any CPU
	EndGlobalSection
	GlobalSection(ProjectConfigurationPlatforms) = postSolution
		{4FBBDF60-FB4C-4FDF-91C8-6E73E023CB82}.Debug|Any CPU.ActiveCfg = Debug|Any CPU
		{4FBBDF60-FB4C-4FDF-91C8-6E73E023CB82}.Debug|Any CPU.Build.0 = Debug|Any CPU
		{4FBBDF60-FB4C-4FDF-91C8-6E73E023CB82}.Release|Any CPU.ActiveCfg = Release|Any CPU
		{4FBBDF60-FB4C-4FDF-91C8-6E73E023CB82}.Release|Any CPU.Build.0 = Release|Any CPU
	EndGlobalSection
	GlobalSection(SolutionProperties) = preSolution
		HideSolutionNode = FALSE
	EndGlobalSection
	GlobalSection(ExtensibilityGlobals) = postSolution
		SolutionGuid = {03941D00-551F-4751-B309-6D954C7E05CC}
	EndGlobalSection
EndGlobal
